# This file is automatically @generated by Cargo.
# It is not intended for manual editing.
version = 4

[[package]]
name = "lobby"
version = "0.0.0"
dependencies = [
 "lodeframe",
]

[[package]]
name = "lodeframe"
version = "0.0.0"
dependencies = [
 "lodeframe-macros",
 "lodeframe-protocol",
 "lodeframe-text",
]

[[package]]
name = "lodeframe-macros"
version = "0.0.0"
dependencies = [
 "lodeframe-text",
]

[[package]]
name = "lodeframe-protocol"
version = "0.0.0"
dependencies = [
 "lodeframe-text",
]

[[package]]
name = "lodeframe-text"
version = "0.0.0"

[[package]]
name = "xtask"
version = "0.0.0"
